
Microsoft Visual Studio Solution File, Format Version 11.00
# Visual Studio 2010
Project("{FAE04EC0-301F-11D3-BF4B-00C04F79EFBC}") = "Hotbox", "HotboxTest\HotboxTest\Hotbox.csproj", "{B53C9991-27DF-4BD0-9F51-C60C9AEB263A}"
	ProjectSection(ProjectDependencies) = postProject
		{0A551D79-F37E-4529-9CA0-3FD2E9EA715E} = {0A551D79-F37E-4529-9CA0-3FD2E9EA715E}
	EndProjectSection
EndProject
Project("{FAE04EC0-301F-11D3-BF4B-00C04F79EFBC}") = "HotboxContent", "HotboxTest\HotboxTestContent\HotboxContent.contentproj", "{FB5D9B42-FA53-4729-8FD7-A261DBF3A10B}"
EndProject
Project("{FAE04EC0-301F-11D3-BF4B-00C04F79EFBC}") = "GameStateManagement", "GameStateManagement\GameStateManagement.csproj", "{0A551D79-F37E-4529-9CA0-3FD2E9EA715E}"
EndProject
Project("{FAE04EC0-301F-11D3-BF4B-00C04F79EFBC}") = "DataTypes", "DataTypes\DataTypes.csproj", "{FB187D63-5FD2-44FD-8500-50D3D06C4DF5}"
EndProject
Project("{FAE04EC0-301F-11D3-BF4B-00C04F79EFBC}") = "XmlTest", "XmlTest\XmlTest.csproj", "{F8FD1609-D79A-4C83-ACEF-FD94058D810C}"
EndProject
Global
	GlobalSection(SolutionConfigurationPlatforms) = preSolution
		Debug|x86 = Debug|x86
		Release|x86 = Release|x86
	EndGlobalSection
	GlobalSection(ProjectConfigurationPlatforms) = postSolution
		{B53C9991-27DF-4BD0-9F51-C60C9AEB263A}.Debug|x86.ActiveCfg = Debug|x86
		{B53C9991-27DF-4BD0-9F51-C60C9AEB263A}.Debug|x86.Build.0 = Debug|x86
		{B53C9991-27DF-4BD0-9F51-C60C9AEB263A}.Release|x86.ActiveCfg = Release|x86
		{B53C9991-27DF-4BD0-9F51-C60C9AEB263A}.Release|x86.Build.0 = Release|x86
		{FB5D9B42-FA53-4729-8FD7-A261DBF3A10B}.Debug|x86.ActiveCfg = Debug|x86
		{FB5D9B42-FA53-4729-8FD7-A261DBF3A10B}.Release|x86.ActiveCfg = Release|x86
		{0A551D79-F37E-4529-9CA0-3FD2E9EA715E}.Debug|x86.ActiveCfg = Debug|x86
		{0A551D79-F37E-4529-9CA0-3FD2E9EA715E}.Debug|x86.Build.0 = Debug|x86
		{0A551D79-F37E-4529-9CA0-3FD2E9EA715E}.Release|x86.ActiveCfg = Release|x86
		{0A551D79-F37E-4529-9CA0-3FD2E9EA715E}.Release|x86.Build.0 = Release|x86
		{FB187D63-5FD2-44FD-8500-50D3D06C4DF5}.Debug|x86.ActiveCfg = Debug|x86
		{FB187D63-5FD2-44FD-8500-50D3D06C4DF5}.Debug|x86.Build.0 = Debug|x86
		{FB187D63-5FD2-44FD-8500-50D3D06C4DF5}.Release|x86.ActiveCfg = Release|x86
		{FB187D63-5FD2-44FD-8500-50D3D06C4DF5}.Release|x86.Build.0 = Release|x86
		{F8FD1609-D79A-4C83-ACEF-FD94058D810C}.Debug|x86.ActiveCfg = Debug|x86
		{F8FD1609-D79A-4C83-ACEF-FD94058D810C}.Debug|x86.Build.0 = Debug|x86
		{F8FD1609-D79A-4C83-ACEF-FD94058D810C}.Release|x86.ActiveCfg = Release|x86
		{F8FD1609-D79A-4C83-ACEF-FD94058D810C}.Release|x86.Build.0 = Release|x86
	EndGlobalSection
	GlobalSection(SolutionProperties) = preSolution
		HideSolutionNode = FALSE
	EndGlobalSection
EndGlobal
